
Microsoft Visual Studio Solution File, Format Version 12.00
# Visual Studio Version 16
VisualStudioVersion = 16.0.31729.503
MinimumVisualStudioVersion = 10.0.40219.1
Project("{FAE04EC0-301F-11D3-BF4B-00C04F79EFBC}") = "JoseMero3AEJ2", "JoseMero3AEJ2.csproj", "{BCBA91EB-FC23-4DDB-8651-C49F3F3CA3D9}"
EndProject
Global
	GlobalSection(SolutionConfigurationPlatforms) = preSolution
		Debug|Any CPU = Debug|Any CPU
		Release|Any CPU = Release|Any CPU
	EndGlobalSection
	GlobalSection(ProjectConfigurationPlatforms) = postSolution
		{BCBA91EB-FC23-4DDB-8651-C49F3F3CA3D9}.Debug|Any CPU.ActiveCfg = Debug|Any CPU
		{BCBA91EB-FC23-4DDB-8651-C49F3F3CA3D9}.Debug|Any CPU.Build.0 = Debug|Any CPU
		{BCBA91EB-FC23-4DDB-8651-C49F3F3CA3D9}.Release|Any CPU.ActiveCfg = Release|Any CPU
		{BCBA91EB-FC23-4DDB-8651-C49F3F3CA3D9}.Release|Any CPU.Build.0 = Release|Any CPU
	EndGlobalSection
	GlobalSection(SolutionProperties) = preSolution
		HideSolutionNode = FALSE
	EndGlobalSection
	GlobalSection(ExtensibilityGlobals) = postSolution
		SolutionGuid = {5121595C-955F-4AB5-9FEF-0BDB8F0A977B}
	EndGlobalSection
EndGlobal
